// !$*UTF8*$!
{
	archiveVersion = 1;
	classes = {
	};
	objectVersion = 56;
	objects = {

/* Begin PBXBuildFile section */
		1C8F54472A3E281300B34DFD /* TodoListApp.swift in Sources */ = {isa = PBXBuildFile; fileRef = 1C8F54462A3E281300B34DFD /* TodoListApp.swift */; };
		1C8F54492A3E281300B34DFD /* ContentView.swift in Sources */ = {isa = PBXBuildFile; fileRef = 1C8F54482A3E281300B34DFD /* ContentView.swift */; };
		1C8F544B2A3E281400B34DFD /* Assets.xcassets in Resources */ = {isa = PBXBuildFile; fileRef = 1C8F544A2A3E281400B34DFD /* Assets.xcassets */; };
		1C8F544E2A3E281400B34DFD /* Preview Assets.xcassets in Resources */ = {isa = PBXBuildFile; fileRef = 1C8F544D2A3E281400B34DFD /* Preview Assets.xcassets */; };
		1C8F54582A3E281400B34DFD /* TodoListTests.swift in Sources */ = {isa = PBXBuildFile; fileRef = 1C8F54572A3E281400B34DFD /* TodoListTests.swift */; };
		1C8F54622A3E281400B34DFD /* TodoListUITests.swift in Sources */ = {isa = PBXBuildFile; fileRef = 1C8F54612A3E281400B34DFD /* TodoListUITests.swift */; };
		1C8F54642A3E281400B34DFD /* TodoListUITestsLaunchTests.swift in Sources */ = {isa = PBXBuildFile; fileRef = 1C8F54632A3E281400B34DFD /* TodoListUITestsLaunchTests.swift */; };
		1C8F54712A3E290900B34DFD /* TodoListViewModel.swift in Sources */ = {isa = PBXBuildFile; fileRef = 1C8F54702A3E290900B34DFD /* TodoListViewModel.swift */; };
		1CD9AD812A3E2BC3005F57E4 /* AddItemView.swift in Sources */ = {isa = PBXBuildFile; fileRef = 1CD9AD802A3E2BC3005F57E4 /* AddItemView.swift */; };
		1CD9AD832A3E4284005F57E4 /* UpdateItemView.swift in Sources */ = {isa = PBXBuildFile; fileRef = 1CD9AD822A3E4284005F57E4 /* UpdateItemView.swift */; };
/* End PBXBuildFile section */

/* Begin PBXContainerItemProxy section */
		1C8F54542A3E281400B34DFD /* PBXContainerItemProxy */ = {
			isa = PBXContainerItemProxy;
			containerPortal = 1C8F543B2A3E281300B34DFD /* Project object */;
			proxyType = 1;
			remoteGlobalIDString = 1C8F54422A3E281300B34DFD;
			remoteInfo = TodoList;
		};
		1C8F545E2A3E281400B34DFD /* PBXContainerItemProxy */ = {
			isa = PBXContainerItemProxy;
			containerPortal = 1C8F543B2A3E281300B34DFD /* Project object */;
			proxyType = 1;
			remoteGlobalIDString = 1C8F54422A3E281300B34DFD;
			remoteInfo = TodoList;
		};
/* End PBXContainerItemProxy section */

/* Begin PBXFileReference section */
		1C8F54432A3E281300B34DFD /* TodoList.app */ = {isa = PBXFileReference; explicitFileType = wrapper.application; includeInIndex = 0; path = TodoList.app; sourceTree = BUILT_PRODUCTS_DIR; };
		1C8F54462A3E281300B34DFD /* TodoListApp.swift */ = {isa = PBXFileReference; lastKnownFileType = sourcecode.swift; path = TodoListApp.swift; sourceTree = "<group>"; };
		1C8F54482A3E281300B34DFD /* ContentView.swift */ = {isa = PBXFileReference; lastKnownFileType = sourcecode.swift; path = ContentView.swift; sourceTree = "<group>"; };
		1C8F544A2A3E281400B34DFD /* Assets.xcassets */ = {isa = PBXFileReference; lastKnownFileType = folder.assetcatalog; path = Assets.xcassets; sourceTree = "<group>"; };
		1C8F544D2A3E281400B34DFD /* Preview Assets.xcassets */ = {isa = PBXFileReference; lastKnownFileType = folder.assetcatalog; path = "Preview Assets.xcassets"; sourceTree = "<group>"; };
		1C8F54532A3E281400B34DFD /* TodoListTests.xctest */ = {isa = PBXFileReference; explicitFileType = wrapper.cfbundle; includeInIndex = 0; path = TodoListTests.xctest; sourceTree = BUILT_PRODUCTS_DIR; };
		1C8F54572A3E281400B34DFD /* TodoListTests.swift */ = {isa = PBXFileReference; lastKnownFileType = sourcecode.swift; path = TodoListTests.swift; sourceTree = "<group>"; };
		1C8F545D2A3E281400B34DFD /* TodoListUITests.xctest */ = {isa = PBXFileReference; explicitFileType = wrapper.cfbundle; includeInIndex = 0; path = TodoListUITests.xctest; sourceTree = BUILT_PRODUCTS_DIR; };
		1C8F54612A3E281400B34DFD /* TodoListUITests.swift */ = {isa = PBXFileReference; lastKnownFileType = sourcecode.swift; path = TodoListUITests.swift; sourceTree = "<group>"; };
		1C8F54632A3E281400B34DFD /* TodoListUITestsLaunchTests.swift */ = {isa = PBXFileReference; lastKnownFileType = sourcecode.swift; path = TodoListUITestsLaunchTests.swift; sourceTree = "<group>"; };
		1C8F54702A3E290900B34DFD /* TodoListViewModel.swift */ = {isa = PBXFileReference; lastKnownFileType = sourcecode.swift; path = TodoListViewModel.swift; sourceTree = "<group>"; };
		1CD9AD802A3E2BC3005F57E4 /* AddItemView.swift */ = {isa = PBXFileReference; lastKnownFileType = sourcecode.swift; path = AddItemView.swift; sourceTree = "<group>"; };
		1CD9AD822A3E4284005F57E4 /* UpdateItemView.swift */ = {isa = PBXFileReference; lastKnownFileType = sourcecode.swift; path = UpdateItemView.swift; sourceTree = "<group>"; };
/* End PBXFileReference section */

/* Begin PBXFrameworksBuildPhase section */
		1C8F54402A3E281300B34DFD /* Frameworks */ = {
			isa = PBXFrameworksBuildPhase;
			buildActionMask = 2147483647;
			files = (
			);
			runOnlyForDeploymentPostprocessing = 0;
		};
		1C8F54502A3E281400B34DFD /* Frameworks */ = {
			isa = PBXFrameworksBuildPhase;
			buildActionMask = 2147483647;
			files = (
			);
			runOnlyForDeploymentPostprocessing = 0;
		};
		1C8F545A2A3E281400B34DFD /* Frameworks */ = {
			isa = PBXFrameworksBuildPhase;
			buildActionMask = 2147483647;
			files = (
			);
			runOnlyForDeploymentPostprocessing = 0;
		};
/* End PBXFrameworksBuildPhase section */

/* Begin PBXGroup section */
		1C8F543A2A3E281300B34DFD = {
			isa = PBXGroup;
			children = (
				1C8F54452A3E281300B34DFD /* TodoList */,
				1C8F54562A3E281400B34DFD /* TodoListTests */,
				1C8F54602A3E281400B34DFD /* TodoListUITests */,
				1C8F54442A3E281300B34DFD /* Products */,
			);
			sourceTree = "<group>";
		};
		1C8F54442A3E281300B34DFD /* Products */ = {
			isa = PBXGroup;
			children = (
				1C8F54432A3E281300B34DFD /* TodoList.app */,
				1C8F54532A3E281400B34DFD /* TodoListTests.xctest */,
				1C8F545D2A3E281400B34DFD /* TodoListUITests.xctest */,
			);
			name = Products;
			sourceTree = "<group>";
		};
		1C8F54452A3E281300B34DFD /* TodoList */ = {
			isa = PBXGroup;
			children = (
				1C8F54462A3E281300B34DFD /* TodoListApp.swift */,
				1C8F54482A3E281300B34DFD /* ContentView.swift */,
				1C8F54702A3E290900B34DFD /* TodoListViewModel.swift */,
				1CD9AD802A3E2BC3005F57E4 /* AddItemView.swift */,
				1C8F544A2A3E281400B34DFD /* Assets.xcassets */,
				1C8F544C2A3E281400B34DFD /* Preview Content */,
				1CD9AD822A3E4284005F57E4 /* UpdateItemView.swift */,
			);
			path = TodoList;
			sourceTree = "<group>";
		};
		1C8F544C2A3E281400B34DFD /* Preview Content */ = {
			isa = PBXGroup;
			children = (
				1C8F544D2A3E281400B34DFD /* Preview Assets.xcassets */,
			);
			path = "Preview Content";
			sourceTree = "<group>";
		};
		1C8F54562A3E281400B34DFD /* TodoListTests */ = {
			isa = PBXGroup;
			children = (
				1C8F54572A3E281400B34DFD /* TodoListTests.swift */,
			);
			path = TodoListTests;
			sourceTree = "<group>";
		};
		1C8F54602A3E281400B34DFD /* TodoListUITests */ = {
			isa = PBXGroup;
			children = (
				1C8F54612A3E281400B34DFD /* TodoListUITests.swift */,
				1C8F54632A3E281400B34DFD /* TodoListUITestsLaunchTests.swift */,
			);
			path = TodoListUITests;
			sourceTree = "<group>";
		};
/* End PBXGroup section */

/* Begin PBXNativeTarget section */
		1C8F54422A3E281300B34DFD /* TodoList */ = {
			isa = PBXNativeTarget;
			buildConfigurationList = 1C8F54672A3E281400B34DFD /* Build configuration list for PBXNativeTarget "TodoList" */;
			buildPhases = (
				1C8F543F2A3E281300B34DFD /* Sources */,
				1C8F54402A3E281300B34DFD /* Frameworks */,
				1C8F54412A3E281300B34DFD /* Resources */,
			);
			buildRules = (
			);
			dependencies = (
			);
			name = TodoList;
			productName = TodoList;
			productReference = 1C8F54432A3E281300B34DFD /* TodoList.app */;
			productType = "com.apple.product-type.application";
		};
		1C8F54522A3E281400B34DFD /* TodoListTests */ = {
			isa = PBXNativeTarget;
			buildConfigurationList = 1C8F546A2A3E281400B34DFD /* Build configuration list for PBXNativeTarget "TodoListTests" */;
			buildPhases = (
				1C8F544F2A3E281400B34DFD /* Sources */,
				1C8F54502A3E281400B34DFD /* Frameworks */,
				1C8F54512A3E281400B34DFD /* Resources */,
			);
			buildRules = (
			);
			dependencies = (
				1C8F54552A3E281400B34DFD /* PBXTargetDependency */,
			);
			name = TodoListTests;
			productName = TodoListTests;
			productReference = 1C8F54532A3E281400B34DFD /* TodoListTests.xctest */;
			productType = "com.apple.product-type.bundle.unit-test";
		};
		1C8F545C2A3E281400B34DFD /* TodoListUITests */ = {
			isa = PBXNativeTarget;
			buildConfigurationList = 1C8F546D2A3E281400B34DFD /* Build configuration list for PBXNativeTarget "TodoListUITests" */;
			buildPhases = (
				1C8F54592A3E281400B34DFD /* Sources */,
				1C8F545A2A3E281400B34DFD /* Frameworks */,
				1C8F545B2A3E281400B34DFD /* Resources */,
			);
			buildRules = (
			);
			dependencies = (
				1C8F545F2A3E281400B34DFD /* PBXTargetDependency */,
			);
			name = TodoListUITests;
			productName = TodoListUITests;
			productReference = 1C8F545D2A3E281400B34DFD /* TodoListUITests.xctest */;
			productType = "com.apple.product-type.bundle.ui-testing";
		};
/* End PBXNativeTarget section */

/* Begin PBXProject section */
		1C8F543B2A3E281300B34DFD /* Project object */ = {
			isa = PBXProject;
			attributes = {
				BuildIndependentTargetsInParallel = 1;
				LastSwiftUpdateCheck = 1430;
				LastUpgradeCheck = 1430;
				TargetAttributes = {
					1C8F54422A3E281300B34DFD = {
						CreatedOnToolsVersion = 14.3;
					};
					1C8F54522A3E281400B34DFD = {
						CreatedOnToolsVersion = 14.3;
						TestTargetID = 1C8F54422A3E281300B34DFD;
					};
					1C8F545C2A3E281400B34DFD = {
						CreatedOnToolsVersion = 14.3;
						TestTargetID = 1C8F54422A3E281300B34DFD;
					};
				};
			};
			buildConfigurationList = 1C8F543E2A3E281300B34DFD /* Build configuration list for PBXProject "TodoList" */;
			compatibilityVersion = "Xcode 14.0";
			developmentRegion = en;
			hasScannedForEncodings = 0;
			knownRegions = (
				en,
				Base,
			);
			mainGroup = 1C8F543A2A3E281300B34DFD;
			productRefGroup = 1C8F54442A3E281300B34DFD /* Products */;
			projectDirPath = "";
			projectRoot = "";
			targets = (
				1C8F54422A3E281300B34DFD /* TodoList */,
				1C8F54522A3E281400B34DFD /* TodoListTests */,
				1C8F545C2A3E281400B34DFD /* TodoListUITests */,
			);
		};
/* End PBXProject section */

/* Begin PBXResourcesBuildPhase section */
		1C8F54412A3E281300B34DFD /* Resources */ = {
			isa = PBXResourcesBuildPhase;
			buildActionMask = 2147483647;
			files = (
				1C8F544E2A3E281400B34DFD /* Preview Assets.xcassets in Resources */,
				1C8F544B2A3E281400B34DFD /* Assets.xcassets in Resources */,
			);
			runOnlyForDeploymentPostprocessing = 0;
		};
		1C8F54512A3E281400B34DFD /* Resources */ = {
			isa = PBXResourcesBuildPhase;
			buildActionMask = 2147483647;
			files = (
			);
			runOnlyForDeploymentPostprocessing = 0;
		};
		1C8F545B2A3E281400B34DFD /* Resources */ = {
			isa = PBXResourcesBuildPhase;
			buildActionMask = 2147483647;
			files = (
			);
			runOnlyForDeploymentPostprocessing = 0;
		};
/* End PBXResourcesBuildPhase section */

/* Begin PBXSourcesBuildPhase section */
		1C8F543F2A3E281300B34DFD /* Sources */ = {
			isa = PBXSourcesBuildPhase;
			buildActionMask = 2147483647;
			files = (
				1C8F54492A3E281300B34DFD /* ContentView.swift in Sources */,
				1C8F54712A3E290900B34DFD /* TodoListViewModel.swift in Sources */,
				1CD9AD832A3E4284005F57E4 /* UpdateItemView.swift in Sources */,
				1C8F54472A3E281300B34DFD /* TodoListApp.swift in Sources */,
				1CD9AD812A3E2BC3005F57E4 /* AddItemView.swift in Sources */,
			);
			runOnlyForDeploymentPostprocessing = 0;
		};
		1C8F544F2A3E281400B34DFD /* Sources */ = {
			isa = PBXSourcesBuildPhase;
			buildActionMask = 2147483647;
			files = (
				1C8F54582A3E281400B34DFD /* TodoListTests.swift in Sources */,
			);
			runOnlyForDeploymentPostprocessing = 0;
		};
		1C8F54592A3E281400B34DFD /* Sources */ = {
			isa = PBXSourcesBuildPhase;
			buildActionMask = 2147483647;
			files = (
				1C8F54642A3E281400B34DFD /* TodoListUITestsLaunchTests.swift in Sources */,
				1C8F54622A3E281400B34DFD /* TodoListUITests.swift in Sources */,
			);
			runOnlyForDeploymentPostprocessing = 0;
		};
/* End PBXSourcesBuildPhase section */

/* Begin PBXTargetDependency section */
		1C8F54552A3E281400B34DFD /* PBXTargetDependency */ = {
			isa = PBXTargetDependency;
			target = 1C8F54422A3E281300B34DFD /* TodoList */;
			targetProxy = 1C8F54542A3E281400B34DFD /* PBXContainerItemProxy */;
		};
		1C8F545F2A3E281400B34DFD /* PBXTargetDependency */ = {
			isa = PBXTargetDependency;
			target = 1C8F54422A3E281300B34DFD /* TodoList */;
			targetProxy = 1C8F545E2A3E281400B34DFD /* PBXContainerItemProxy */;
		};
/* End PBXTargetDependency section */

/* Begin XCBuildConfiguration section */
		1C8F54652A3E281400B34DFD /* Debug */ = {
			isa = XCBuildConfiguration;
			buildSettings = {
				ALWAYS_SEARCH_USER_PATHS = NO;
				CLANG_ANALYZER_NONNULL = YES;
				CLANG_ANALYZER_NUMBER_OBJECT_CONVERSION = YES_AGGRESSIVE;
				CLANG_CXX_LANGUAGE_STANDARD = "gnu++20";
				CLANG_ENABLE_MODULES = YES;
				CLANG_ENABLE_OBJC_ARC = YES;
				CLANG_ENABLE_OBJC_WEAK = YES;
				CLANG_WARN_BLOCK_CAPTURE_AUTORELEASING = YES;
				CLANG_WARN_BOOL_CONVERSION = YES;
				CLANG_WARN_COMMA = YES;
				CLANG_WARN_CONSTANT_CONVERSION = YES;
				CLANG_WARN_DEPRECATED_OBJC_IMPLEMENTATIONS = YES;
				CLANG_WARN_DIRECT_OBJC_ISA_USAGE = YES_ERROR;
				CLANG_WARN_DOCUMENTATION_COMMENTS = YES;
				CLANG_WARN_EMPTY_BODY = YES;
				CLANG_WARN_ENUM_CONVERSION = YES;
				CLANG_WARN_INFINITE_RECURSION = YES;
				CLANG_WARN_INT_CONVERSION = YES;
				CLANG_WARN_NON_LITERAL_NULL_CONVERSION = YES;
				CLANG_WARN_OBJC_IMPLICIT_RETAIN_SELF = YES;
				CLANG_WARN_OBJC_LITERAL_CONVERSION = YES;
				CLANG_WARN_OBJC_ROOT_CLASS = YES_ERROR;
				CLANG_WARN_QUOTED_INCLUDE_IN_FRAMEWORK_HEADER = YES;
				CLANG_WARN_RANGE_LOOP_ANALYSIS = YES;
				CLANG_WARN_STRICT_PROTOTYPES = YES;
				CLANG_WARN_SUSPICIOUS_MOVE = YES;
				CLANG_WARN_UNGUARDED_AVAILABILITY = YES_AGGRESSIVE;
				CLANG_WARN_UNREACHABLE_CODE = YES;
				CLANG_WARN__DUPLICATE_METHOD_MATCH = YES;
				COPY_PHASE_STRIP = NO;
				DEBUG_INFORMATION_FORMAT = dwarf;
				ENABLE_STRICT_OBJC_MSGSEND = YES;
				ENABLE_TESTABILITY = YES;
				GCC_C_LANGUAGE_STANDARD = gnu11;
				GCC_DYNAMIC_NO_PIC = NO;
				GCC_NO_COMMON_BLOCKS = YES;
				GCC_OPTIMIZATION_LEVEL = 0;
				GCC_PREPROCESSOR_DEFINITIONS = (
					"DEBUG=1",
					"$(inherited)",
				);
				GCC_WARN_64_TO_32_BIT_CONVERSION = YES;
				GCC_WARN_ABOUT_RETURN_TYPE = YES_ERROR;
				GCC_WARN_UNDECLARED_SELECTOR = YES;
				GCC_WARN_UNINITIALIZED_AUTOS = YES_AGGRESSIVE;
				GCC_WARN_UNUSED_FUNCTION = YES;
				GCC_WARN_UNUSED_VARIABLE = YES;
				IPHONEOS_DEPLOYMENT_TARGET = 16.4;
				MTL_ENABLE_DEBUG_INFO = INCLUDE_SOURCE;
				MTL_FAST_MATH = YES;
				ONLY_ACTIVE_ARCH = YES;
				SDKROOT = iphoneos;
				SWIFT_ACTIVE_COMPILATION_CONDITIONS = DEBUG;
				SWIFT_OPTIMIZATION_LEVEL = "-Onone";
			};
			name = Debug;
		};
		1C8F54662A3E281400B34DFD /* Release */ = {
			isa = XCBuildConfiguration;
			buildSettings = {
				ALWAYS_SEARCH_USER_PATHS = NO;
				CLANG_ANALYZER_NONNULL = YES;
				CLANG_ANALYZER_NUMBER_OBJECT_CONVERSION = YES_AGGRESSIVE;
				CLANG_CXX_LANGUAGE_STANDARD = "gnu++20";
				CLANG_ENABLE_MODULES = YES;
				CLANG_ENABLE_OBJC_ARC = YES;
				CLANG_ENABLE_OBJC_WEAK = YES;
				CLANG_WARN_BLOCK_CAPTURE_AUTORELEASING = YES;
				CLANG_WARN_BOOL_CONVERSION = YES;
				CLANG_WARN_COMMA = YES;
				CLANG_WARN_CONSTANT_CONVERSION = YES;
				CLANG_WARN_DEPRECATED_OBJC_IMPLEMENTATIONS = YES;
				CLANG_WARN_DIRECT_OBJC_ISA_USAGE = YES_ERROR;
				CLANG_WARN_DOCUMENTATION_COMMENTS = YES;
				CLANG_WARN_EMPTY_BODY = YES;
				CLANG_WARN_ENUM_CONVERSION = YES;
				CLANG_WARN_INFINITE_RECURSION = YES;
				CLANG_WARN_INT_CONVERSION = YES;
				CLANG_WARN_NON_LITERAL_NULL_CONVERSION = YES;
				CLANG_WARN_OBJC_IMPLICIT_RETAIN_SELF = YES;
				CLANG_WARN_OBJC_LITERAL_CONVERSION = YES;
				CLANG_WARN_OBJC_ROOT_CLASS = YES_ERROR;
				CLANG_WARN_QUOTED_INCLUDE_IN_FRAMEWORK_HEADER = YES;
				CLANG_WARN_RANGE_LOOP_ANALYSIS = YES;
				CLANG_WARN_STRICT_PROTOTYPES = YES;
				CLANG_WARN_SUSPICIOUS_MOVE = YES;
				CLANG_WARN_UNGUARDED_AVAILABILITY = YES_AGGRESSIVE;
				CLANG_WARN_UNREACHABLE_CODE = YES;
				CLANG_WARN__DUPLICATE_METHOD_MATCH = YES;
				COPY_PHASE_STRIP = NO;
				DEBUG_INFORMATION_FORMAT = "dwarf-with-dsym";
				ENABLE_NS_ASSERTIONS = NO;
				ENABLE_STRICT_OBJC_MSGSEND = YES;
				GCC_C_LANGUAGE_STANDARD = gnu11;
				GCC_NO_COMMON_BLOCKS = YES;
				GCC_WARN_64_TO_32_BIT_CONVERSION = YES;
				GCC_WARN_ABOUT_RETURN_TYPE = YES_ERROR;
				GCC_WARN_UNDECLARED_SELECTOR = YES;
				GCC_WARN_UNINITIALIZED_AUTOS = YES_AGGRESSIVE;
				GCC_WARN_UNUSED_FUNCTION = YES;
				GCC_WARN_UNUSED_VARIABLE = YES;
				IPHONEOS_DEPLOYMENT_TARGET = 16.4;
				MTL_ENABLE_DEBUG_INFO = NO;
				MTL_FAST_MATH = YES;
				SDKROOT = iphoneos;
				SWIFT_COMPILATION_MODE = wholemodule;
				SWIFT_OPTIMIZATION_LEVEL = "-O";
				VALIDATE_PRODUCT = YES;
			};
			name = Release;
		};
		1C8F54682A3E281400B34DFD /* Debug */ = {
			isa = XCBuildConfiguration;
			buildSettings = {
				ASSETCATALOG_COMPILER_APPICON_NAME = AppIcon;
				ASSETCATALOG_COMPILER_GLOBAL_ACCENT_COLOR_NAME = AccentColor;
				CODE_SIGN_STYLE = Automatic;
				CURRENT_PROJECT_VERSION = 1;
				DEVELOPMENT_ASSET_PATHS = "\"TodoList/Preview Content\"";
				DEVELOPMENT_TEAM = 99SKG9CR57;
				ENABLE_PREVIEWS = YES;
				GENERATE_INFOPLIST_FILE = YES;
				INFOPLIST_KEY_UIApplicationSceneManifest_Generation = YES;
				INFOPLIST_KEY_UIApplicationSupportsIndirectInputEvents = YES;
				INFOPLIST_KEY_UILaunchScreen_Generation = YES;
				INFOPLIST_KEY_UISupportedInterfaceOrientations_iPad = "UIInterfaceOrientationPortrait UIInterfaceOrientationPortraitUpsideDown UIInterfaceOrientationLandscapeLeft UIInterfaceOrientationLandscapeRight";
				INFOPLIST_KEY_UISupportedInterfaceOrientations_iPhone = "UIInterfaceOrientationPortrait UIInterfaceOrientationLandscapeLeft UIInterfaceOrientationLandscapeRight";
				LD_RUNPATH_SEARCH_PATHS = (
					"$(inherited)",
					"@executable_path/Frameworks",
				);
				MARKETING_VERSION = 1.0;
				PRODUCT_BUNDLE_IDENTIFIER = "-.TodoList";
				PRODUCT_NAME = "$(TARGET_NAME)";
				SWIFT_EMIT_LOC_STRINGS = YES;
				SWIFT_VERSION = 5.0;
				TARGETED_DEVICE_FAMILY = "1,2";
			};
			name = Debug;
		};
		1C8F54692A3E281400B34DFD /* Release */ = {
			isa = XCBuildConfiguration;
			buildSettings = {
				ASSETCATALOG_COMPILER_APPICON_NAME = AppIcon;
				ASSETCATALOG_COMPILER_GLOBAL_ACCENT_COLOR_NAME = AccentColor;
				CODE_SIGN_STYLE = Automatic;
				CURRENT_PROJECT_VERSION = 1;
				DEVELOPMENT_ASSET_PATHS = "\"TodoList/Preview Content\"";
				DEVELOPMENT_TEAM = 99SKG9CR57;
				ENABLE_PREVIEWS = YES;
				GENERATE_INFOPLIST_FILE = YES;
				INFOPLIST_KEY_UIApplicationSceneManifest_Generation = YES;
				INFOPLIST_KEY_UIApplicationSupportsIndirectInputEvents = YES;
				INFOPLIST_KEY_UILaunchScreen_Generation = YES;
				INFOPLIST_KEY_UISupportedInterfaceOrientations_iPad = "UIInterfaceOrientationPortrait UIInterfaceOrientationPortraitUpsideDown UIInterfaceOrientationLandscapeLeft UIInterfaceOrientationLandscapeRight";
				INFOPLIST_KEY_UISupportedInterfaceOrientations_iPhone = "UIInterfaceOrientationPortrait UIInterfaceOrientationLandscapeLeft UIInterfaceOrientationLandscapeRight";
				LD_RUNPATH_SEARCH_PATHS = (
					"$(inherited)",
					"@executable_path/Frameworks",
				);
				MARKETING_VERSION = 1.0;
				PRODUCT_BUNDLE_IDENTIFIER = "-.TodoList";
				PRODUCT_NAME = "$(TARGET_NAME)";
				SWIFT_EMIT_LOC_STRINGS = YES;
				SWIFT_VERSION = 5.0;
				TARGETED_DEVICE_FAMILY = "1,2";
			};
			name = Release;
		};
		1C8F546B2A3E281400B34DFD /* Debug */ = {
			isa = XCBuildConfiguration;
			buildSettings = {
				ALWAYS_EMBED_SWIFT_STANDARD_LIBRARIES = YES;
				BUNDLE_LOADER = "$(TEST_HOST)";
				CODE_SIGN_STYLE = Automatic;
				CURRENT_PROJECT_VERSION = 1;
				DEVELOPMENT_TEAM = 99SKG9CR57;
				GENERATE_INFOPLIST_FILE = YES;
				IPHONEOS_DEPLOYMENT_TARGET = 16.4;
				MARKETING_VERSION = 1.0;
				PRODUCT_BUNDLE_IDENTIFIER = "-.TodoListTests";
				PRODUCT_NAME = "$(TARGET_NAME)";
				SWIFT_EMIT_LOC_STRINGS = NO;
				SWIFT_VERSION = 5.0;
				TARGETED_DEVICE_FAMILY = "1,2";
				TEST_HOST = "$(BUILT_PRODUCTS_DIR)/TodoList.app/$(BUNDLE_EXECUTABLE_FOLDER_PATH)/TodoList";
			};
			name = Debug;
		};
		1C8F546C2A3E281400B34DFD /* Release */ = {
			isa = XCBuildConfiguration;
			buildSettings = {
				ALWAYS_EMBED_SWIFT_STANDARD_LIBRARIES = YES;
				BUNDLE_LOADER = "$(TEST_HOST)";
				CODE_SIGN_STYLE = Automatic;
				CURRENT_PROJECT_VERSION = 1;
				DEVELOPMENT_TEAM = 99SKG9CR57;
				GENERATE_INFOPLIST_FILE = YES;
				IPHONEOS_DEPLOYMENT_TARGET = 16.4;
				MARKETING_VERSION = 1.0;
				PRODUCT_BUNDLE_IDENTIFIER = "-.TodoListTests";
				PRODUCT_NAME = "$(TARGET_NAME)";
				SWIFT_EMIT_LOC_STRINGS = NO;
				SWIFT_VERSION = 5.0;
				TARGETED_DEVICE_FAMILY = "1,2";
				TEST_HOST = "$(BUILT_PRODUCTS_DIR)/TodoList.app/$(BUNDLE_EXECUTABLE_FOLDER_PATH)/TodoList";
			};
			name = Release;
		};
		1C8F546E2A3E281400B34DFD /* Debug */ = {
			isa = XCBuildConfiguration;
			buildSettings = {
				ALWAYS_EMBED_SWIFT_STANDARD_LIBRARIES = YES;
				CODE_SIGN_STYLE = Automatic;
				CURRENT_PROJECT_VERSION = 1;
				DEVELOPMENT_TEAM = 99SKG9CR57;
				GENERATE_INFOPLIST_FILE = YES;
				MARKETING_VERSION = 1.0;
				PRODUCT_BUNDLE_IDENTIFIER = "-.TodoListUITests";
				PRODUCT_NAME = "$(TARGET_NAME)";
				SWIFT_EMIT_LOC_STRINGS = NO;
				SWIFT_VERSION = 5.0;
				TARGETED_DEVICE_FAMILY = "1,2";
				TEST_TARGET_NAME = TodoList;
			};
			name = Debug;
		};
		1C8F546F2A3E281400B34DFD /* Release */ = {
			isa = XCBuildConfiguration;
			buildSettings = {
				ALWAYS_EMBED_SWIFT_STANDARD_LIBRARIES = YES;
				CODE_SIGN_STYLE = Automatic;
				CURRENT_PROJECT_VERSION = 1;
				DEVELOPMENT_TEAM = 99SKG9CR57;
				GENERATE_INFOPLIST_FILE = YES;
				MARKETING_VERSION = 1.0;
				PRODUCT_BUNDLE_IDENTIFIER = "-.TodoListUITests";
				PRODUCT_NAME = "$(TARGET_NAME)";
				SWIFT_EMIT_LOC_STRINGS = NO;
				SWIFT_VERSION = 5.0;
				TARGETED_DEVICE_FAMILY = "1,2";
				TEST_TARGET_NAME = TodoList;
			};
			name = Release;
		};
/* End XCBuildConfiguration section */

/* Begin XCConfigurationList section */
		1C8F543E2A3E281300B34DFD /* Build configuration list for PBXProject "TodoList" */ = {
			isa = XCConfigurationList;
			buildConfigurations = (
				1C8F54652A3E281400B34DFD /* Debug */,
				1C8F54662A3E281400B34DFD /* Release */,
			);
			defaultConfigurationIsVisible = 0;
			defaultConfigurationName = Release;
		};
		1C8F54672A3E281400B34DFD /* Build configuration list for PBXNativeTarget "TodoList" */ = {
			isa = XCConfigurationList;
			buildConfigurations = (
				1C8F54682A3E281400B34DFD /* Debug */,
				1C8F54692A3E281400B34DFD /* Release */,
			);
			defaultConfigurationIsVisible = 0;
			defaultConfigurationName = Release;
		};
		1C8F546A2A3E281400B34DFD /* Build configuration list for PBXNativeTarget "TodoListTests" */ = {
			isa = XCConfigurationList;
			buildConfigurations = (
				1C8F546B2A3E281400B34DFD /* Debug */,
				1C8F546C2A3E281400B34DFD /* Release */,
			);
			defaultConfigurationIsVisible = 0;
			defaultConfigurationName = Release;
		};
		1C8F546D2A3E281400B34DFD /* Build configuration list for PBXNativeTarget "TodoListUITests" */ = {
			isa = XCConfigurationList;
			buildConfigurations = (
				1C8F546E2A3E281400B34DFD /* Debug */,
				1C8F546F2A3E281400B34DFD /* Release */,
			);
			defaultConfigurationIsVisible = 0;
			defaultConfigurationName = Release;
		};
/* End XCConfigurationList section */
	};
	rootObject = 1C8F543B2A3E281300B34DFD /* Project object */;
}
