// !$*UTF8*$!
{
	archiveVersion = 1;
	classes = {
	};
	objectVersion = 56;
	objects = {

/* Begin PBXBuildFile section */
		1CAB238A2A33CD050007A1F7 /* XcodeXploreApp.swift in Sources */ = {isa = PBXBuildFile; fileRef = 1CAB23892A33CD050007A1F7 /* XcodeXploreApp.swift */; };
		1CAB238C2A33CD050007A1F7 /* ContentView.swift in Sources */ = {isa = PBXBuildFile; fileRef = 1CAB238B2A33CD050007A1F7 /* ContentView.swift */; };
		1CAB238E2A33CD070007A1F7 /* Assets.xcassets in Resources */ = {isa = PBXBuildFile; fileRef = 1CAB238D2A33CD070007A1F7 /* Assets.xcassets */; };
		1CAB23912A33CD070007A1F7 /* Preview Assets.xcassets in Resources */ = {isa = PBXBuildFile; fileRef = 1CAB23902A33CD070007A1F7 /* Preview Assets.xcassets */; };
		1CAB239B2A33CD070007A1F7 /* XcodeXploreTests.swift in Sources */ = {isa = PBXBuildFile; fileRef = 1CAB239A2A33CD070007A1F7 /* XcodeXploreTests.swift */; };
		1CAB23A52A33CD070007A1F7 /* XcodeXploreUITests.swift in Sources */ = {isa = PBXBuildFile; fileRef = 1CAB23A42A33CD070007A1F7 /* XcodeXploreUITests.swift */; };
		1CAB23A72A33CD070007A1F7 /* XcodeXploreUITestsLaunchTests.swift in Sources */ = {isa = PBXBuildFile; fileRef = 1CAB23A62A33CD070007A1F7 /* XcodeXploreUITestsLaunchTests.swift */; };
/* End PBXBuildFile section */

/* Begin PBXContainerItemProxy section */
		1CAB23972A33CD070007A1F7 /* PBXContainerItemProxy */ = {
			isa = PBXContainerItemProxy;
			containerPortal = 1CAB237E2A33CD050007A1F7 /* Project object */;
			proxyType = 1;
			remoteGlobalIDString = 1CAB23852A33CD050007A1F7;
			remoteInfo = XcodeXplore;
		};
		1CAB23A12A33CD070007A1F7 /* PBXContainerItemProxy */ = {
			isa = PBXContainerItemProxy;
			containerPortal = 1CAB237E2A33CD050007A1F7 /* Project object */;
			proxyType = 1;
			remoteGlobalIDString = 1CAB23852A33CD050007A1F7;
			remoteInfo = XcodeXplore;
		};
/* End PBXContainerItemProxy section */

/* Begin PBXFileReference section */
		1CAB23862A33CD050007A1F7 /* XcodeXplore.app */ = {isa = PBXFileReference; explicitFileType = wrapper.application; includeInIndex = 0; path = XcodeXplore.app; sourceTree = BUILT_PRODUCTS_DIR; };
		1CAB23892A33CD050007A1F7 /* XcodeXploreApp.swift */ = {isa = PBXFileReference; lastKnownFileType = sourcecode.swift; path = XcodeXploreApp.swift; sourceTree = "<group>"; };
		1CAB238B2A33CD050007A1F7 /* ContentView.swift */ = {isa = PBXFileReference; lastKnownFileType = sourcecode.swift; path = ContentView.swift; sourceTree = "<group>"; };
		1CAB238D2A33CD070007A1F7 /* Assets.xcassets */ = {isa = PBXFileReference; lastKnownFileType = folder.assetcatalog; path = Assets.xcassets; sourceTree = "<group>"; };
		1CAB23902A33CD070007A1F7 /* Preview Assets.xcassets */ = {isa = PBXFileReference; lastKnownFileType = folder.assetcatalog; path = "Preview Assets.xcassets"; sourceTree = "<group>"; };
		1CAB23962A33CD070007A1F7 /* XcodeXploreTests.xctest */ = {isa = PBXFileReference; explicitFileType = wrapper.cfbundle; includeInIndex = 0; path = XcodeXploreTests.xctest; sourceTree = BUILT_PRODUCTS_DIR; };
		1CAB239A2A33CD070007A1F7 /* XcodeXploreTests.swift */ = {isa = PBXFileReference; lastKnownFileType = sourcecode.swift; path = XcodeXploreTests.swift; sourceTree = "<group>"; };
		1CAB23A02A33CD070007A1F7 /* XcodeXploreUITests.xctest */ = {isa = PBXFileReference; explicitFileType = wrapper.cfbundle; includeInIndex = 0; path = XcodeXploreUITests.xctest; sourceTree = BUILT_PRODUCTS_DIR; };
		1CAB23A42A33CD070007A1F7 /* XcodeXploreUITests.swift */ = {isa = PBXFileReference; lastKnownFileType = sourcecode.swift; path = XcodeXploreUITests.swift; sourceTree = "<group>"; };
		1CAB23A62A33CD070007A1F7 /* XcodeXploreUITestsLaunchTests.swift */ = {isa = PBXFileReference; lastKnownFileType = sourcecode.swift; path = XcodeXploreUITestsLaunchTests.swift; sourceTree = "<group>"; };
/* End PBXFileReference section */

/* Begin PBXFrameworksBuildPhase section */
		1CAB23832A33CD050007A1F7 /* Frameworks */ = {
			isa = PBXFrameworksBuildPhase;
			buildActionMask = 2147483647;
			files = (
			);
			runOnlyForDeploymentPostprocessing = 0;
		};
		1CAB23932A33CD070007A1F7 /* Frameworks */ = {
			isa = PBXFrameworksBuildPhase;
			buildActionMask = 2147483647;
			files = (
			);
			runOnlyForDeploymentPostprocessing = 0;
		};
		1CAB239D2A33CD070007A1F7 /* Frameworks */ = {
			isa = PBXFrameworksBuildPhase;
			buildActionMask = 2147483647;
			files = (
			);
			runOnlyForDeploymentPostprocessing = 0;
		};
/* End PBXFrameworksBuildPhase section */

/* Begin PBXGroup section */
		1CAB237D2A33CD050007A1F7 = {
			isa = PBXGroup;
			children = (
				1CAB23882A33CD050007A1F7 /* XcodeXplore */,
				1CAB23992A33CD070007A1F7 /* XcodeXploreTests */,
				1CAB23A32A33CD070007A1F7 /* XcodeXploreUITests */,
				1CAB23872A33CD050007A1F7 /* Products */,
			);
			sourceTree = "<group>";
		};
		1CAB23872A33CD050007A1F7 /* Products */ = {
			isa = PBXGroup;
			children = (
				1CAB23862A33CD050007A1F7 /* XcodeXplore.app */,
				1CAB23962A33CD070007A1F7 /* XcodeXploreTests.xctest */,
				1CAB23A02A33CD070007A1F7 /* XcodeXploreUITests.xctest */,
			);
			name = Products;
			sourceTree = "<group>";
		};
		1CAB23882A33CD050007A1F7 /* XcodeXplore */ = {
			isa = PBXGroup;
			children = (
				1CAB23892A33CD050007A1F7 /* XcodeXploreApp.swift */,
				1CAB238B2A33CD050007A1F7 /* ContentView.swift */,
				1CAB238D2A33CD070007A1F7 /* Assets.xcassets */,
				1CAB238F2A33CD070007A1F7 /* Preview Content */,
			);
			path = XcodeXplore;
			sourceTree = "<group>";
		};
		1CAB238F2A33CD070007A1F7 /* Preview Content */ = {
			isa = PBXGroup;
			children = (
				1CAB23902A33CD070007A1F7 /* Preview Assets.xcassets */,
			);
			path = "Preview Content";
			sourceTree = "<group>";
		};
		1CAB23992A33CD070007A1F7 /* XcodeXploreTests */ = {
			isa = PBXGroup;
			children = (
				1CAB239A2A33CD070007A1F7 /* XcodeXploreTests.swift */,
			);
			path = XcodeXploreTests;
			sourceTree = "<group>";
		};
		1CAB23A32A33CD070007A1F7 /* XcodeXploreUITests */ = {
			isa = PBXGroup;
			children = (
				1CAB23A42A33CD070007A1F7 /* XcodeXploreUITests.swift */,
				1CAB23A62A33CD070007A1F7 /* XcodeXploreUITestsLaunchTests.swift */,
			);
			path = XcodeXploreUITests;
			sourceTree = "<group>";
		};
/* End PBXGroup section */

/* Begin PBXNativeTarget section */
		1CAB23852A33CD050007A1F7 /* XcodeXplore */ = {
			isa = PBXNativeTarget;
			buildConfigurationList = 1CAB23AA2A33CD070007A1F7 /* Build configuration list for PBXNativeTarget "XcodeXplore" */;
			buildPhases = (
				1CAB23822A33CD050007A1F7 /* Sources */,
				1CAB23832A33CD050007A1F7 /* Frameworks */,
				1CAB23842A33CD050007A1F7 /* Resources */,
			);
			buildRules = (
			);
			dependencies = (
			);
			name = XcodeXplore;
			productName = XcodeXplore;
			productReference = 1CAB23862A33CD050007A1F7 /* XcodeXplore.app */;
			productType = "com.apple.product-type.application";
		};
		1CAB23952A33CD070007A1F7 /* XcodeXploreTests */ = {
			isa = PBXNativeTarget;
			buildConfigurationList = 1CAB23AD2A33CD070007A1F7 /* Build configuration list for PBXNativeTarget "XcodeXploreTests" */;
			buildPhases = (
				1CAB23922A33CD070007A1F7 /* Sources */,
				1CAB23932A33CD070007A1F7 /* Frameworks */,
				1CAB23942A33CD070007A1F7 /* Resources */,
			);
			buildRules = (
			);
			dependencies = (
				1CAB23982A33CD070007A1F7 /* PBXTargetDependency */,
			);
			name = XcodeXploreTests;
			productName = XcodeXploreTests;
			productReference = 1CAB23962A33CD070007A1F7 /* XcodeXploreTests.xctest */;
			productType = "com.apple.product-type.bundle.unit-test";
		};
		1CAB239F2A33CD070007A1F7 /* XcodeXploreUITests */ = {
			isa = PBXNativeTarget;
			buildConfigurationList = 1CAB23B02A33CD070007A1F7 /* Build configuration list for PBXNativeTarget "XcodeXploreUITests" */;
			buildPhases = (
				1CAB239C2A33CD070007A1F7 /* Sources */,
				1CAB239D2A33CD070007A1F7 /* Frameworks */,
				1CAB239E2A33CD070007A1F7 /* Resources */,
			);
			buildRules = (
			);
			dependencies = (
				1CAB23A22A33CD070007A1F7 /* PBXTargetDependency */,
			);
			name = XcodeXploreUITests;
			productName = XcodeXploreUITests;
			productReference = 1CAB23A02A33CD070007A1F7 /* XcodeXploreUITests.xctest */;
			productType = "com.apple.product-type.bundle.ui-testing";
		};
/* End PBXNativeTarget section */

/* Begin PBXProject section */
		1CAB237E2A33CD050007A1F7 /* Project object */ = {
			isa = PBXProject;
			attributes = {
				BuildIndependentTargetsInParallel = 1;
				LastSwiftUpdateCheck = 1430;
				LastUpgradeCheck = 1430;
				TargetAttributes = {
					1CAB23852A33CD050007A1F7 = {
						CreatedOnToolsVersion = 14.3;
					};
					1CAB23952A33CD070007A1F7 = {
						CreatedOnToolsVersion = 14.3;
						TestTargetID = 1CAB23852A33CD050007A1F7;
					};
					1CAB239F2A33CD070007A1F7 = {
						CreatedOnToolsVersion = 14.3;
						TestTargetID = 1CAB23852A33CD050007A1F7;
					};
				};
			};
			buildConfigurationList = 1CAB23812A33CD050007A1F7 /* Build configuration list for PBXProject "XcodeXplore" */;
			compatibilityVersion = "Xcode 14.0";
			developmentRegion = en;
			hasScannedForEncodings = 0;
			knownRegions = (
				en,
				Base,
			);
			mainGroup = 1CAB237D2A33CD050007A1F7;
			productRefGroup = 1CAB23872A33CD050007A1F7 /* Products */;
			projectDirPath = "";
			projectRoot = "";
			targets = (
				1CAB23852A33CD050007A1F7 /* XcodeXplore */,
				1CAB23952A33CD070007A1F7 /* XcodeXploreTests */,
				1CAB239F2A33CD070007A1F7 /* XcodeXploreUITests */,
			);
		};
/* End PBXProject section */

/* Begin PBXResourcesBuildPhase section */
		1CAB23842A33CD050007A1F7 /* Resources */ = {
			isa = PBXResourcesBuildPhase;
			buildActionMask = 2147483647;
			files = (
				1CAB23912A33CD070007A1F7 /* Preview Assets.xcassets in Resources */,
				1CAB238E2A33CD070007A1F7 /* Assets.xcassets in Resources */,
			);
			runOnlyForDeploymentPostprocessing = 0;
		};
		1CAB23942A33CD070007A1F7 /* Resources */ = {
			isa = PBXResourcesBuildPhase;
			buildActionMask = 2147483647;
			files = (
			);
			runOnlyForDeploymentPostprocessing = 0;
		};
		1CAB239E2A33CD070007A1F7 /* Resources */ = {
			isa = PBXResourcesBuildPhase;
			buildActionMask = 2147483647;
			files = (
			);
			runOnlyForDeploymentPostprocessing = 0;
		};
/* End PBXResourcesBuildPhase section */

/* Begin PBXSourcesBuildPhase section */
		1CAB23822A33CD050007A1F7 /* Sources */ = {
			isa = PBXSourcesBuildPhase;
			buildActionMask = 2147483647;
			files = (
				1CAB238C2A33CD050007A1F7 /* ContentView.swift in Sources */,
				1CAB238A2A33CD050007A1F7 /* XcodeXploreApp.swift in Sources */,
			);
			runOnlyForDeploymentPostprocessing = 0;
		};
		1CAB23922A33CD070007A1F7 /* Sources */ = {
			isa = PBXSourcesBuildPhase;
			buildActionMask = 2147483647;
			files = (
				1CAB239B2A33CD070007A1F7 /* XcodeXploreTests.swift in Sources */,
			);
			runOnlyForDeploymentPostprocessing = 0;
		};
		1CAB239C2A33CD070007A1F7 /* Sources */ = {
			isa = PBXSourcesBuildPhase;
			buildActionMask = 2147483647;
			files = (
				1CAB23A72A33CD070007A1F7 /* XcodeXploreUITestsLaunchTests.swift in Sources */,
				1CAB23A52A33CD070007A1F7 /* XcodeXploreUITests.swift in Sources */,
			);
			runOnlyForDeploymentPostprocessing = 0;
		};
/* End PBXSourcesBuildPhase section */

/* Begin PBXTargetDependency section */
		1CAB23982A33CD070007A1F7 /* PBXTargetDependency */ = {
			isa = PBXTargetDependency;
			target = 1CAB23852A33CD050007A1F7 /* XcodeXplore */;
			targetProxy = 1CAB23972A33CD070007A1F7 /* PBXContainerItemProxy */;
		};
		1CAB23A22A33CD070007A1F7 /* PBXTargetDependency */ = {
			isa = PBXTargetDependency;
			target = 1CAB23852A33CD050007A1F7 /* XcodeXplore */;
			targetProxy = 1CAB23A12A33CD070007A1F7 /* PBXContainerItemProxy */;
		};
/* End PBXTargetDependency section */

/* Begin XCBuildConfiguration section */
		1CAB23A82A33CD070007A1F7 /* Debug */ = {
			isa = XCBuildConfiguration;
			buildSettings = {
				ALWAYS_SEARCH_USER_PATHS = NO;
				CLANG_ANALYZER_NONNULL = YES;
				CLANG_ANALYZER_NUMBER_OBJECT_CONVERSION = YES_AGGRESSIVE;
				CLANG_CXX_LANGUAGE_STANDARD = "gnu++20";
				CLANG_ENABLE_MODULES = YES;
				CLANG_ENABLE_OBJC_ARC = YES;
				CLANG_ENABLE_OBJC_WEAK = YES;
				CLANG_WARN_BLOCK_CAPTURE_AUTORELEASING = YES;
				CLANG_WARN_BOOL_CONVERSION = YES;
				CLANG_WARN_COMMA = YES;
				CLANG_WARN_CONSTANT_CONVERSION = YES;
				CLANG_WARN_DEPRECATED_OBJC_IMPLEMENTATIONS = YES;
				CLANG_WARN_DIRECT_OBJC_ISA_USAGE = YES_ERROR;
				CLANG_WARN_DOCUMENTATION_COMMENTS = YES;
				CLANG_WARN_EMPTY_BODY = YES;
				CLANG_WARN_ENUM_CONVERSION = YES;
				CLANG_WARN_INFINITE_RECURSION = YES;
				CLANG_WARN_INT_CONVERSION = YES;
				CLANG_WARN_NON_LITERAL_NULL_CONVERSION = YES;
				CLANG_WARN_OBJC_IMPLICIT_RETAIN_SELF = YES;
				CLANG_WARN_OBJC_LITERAL_CONVERSION = YES;
				CLANG_WARN_OBJC_ROOT_CLASS = YES_ERROR;
				CLANG_WARN_QUOTED_INCLUDE_IN_FRAMEWORK_HEADER = YES;
				CLANG_WARN_RANGE_LOOP_ANALYSIS = YES;
				CLANG_WARN_STRICT_PROTOTYPES = YES;
				CLANG_WARN_SUSPICIOUS_MOVE = YES;
				CLANG_WARN_UNGUARDED_AVAILABILITY = YES_AGGRESSIVE;
				CLANG_WARN_UNREACHABLE_CODE = YES;
				CLANG_WARN__DUPLICATE_METHOD_MATCH = YES;
				COPY_PHASE_STRIP = NO;
				DEBUG_INFORMATION_FORMAT = dwarf;
				ENABLE_STRICT_OBJC_MSGSEND = YES;
				ENABLE_TESTABILITY = YES;
				GCC_C_LANGUAGE_STANDARD = gnu11;
				GCC_DYNAMIC_NO_PIC = NO;
				GCC_NO_COMMON_BLOCKS = YES;
				GCC_OPTIMIZATION_LEVEL = 0;
				GCC_PREPROCESSOR_DEFINITIONS = (
					"DEBUG=1",
					"$(inherited)",
				);
				GCC_WARN_64_TO_32_BIT_CONVERSION = YES;
				GCC_WARN_ABOUT_RETURN_TYPE = YES_ERROR;
				GCC_WARN_UNDECLARED_SELECTOR = YES;
				GCC_WARN_UNINITIALIZED_AUTOS = YES_AGGRESSIVE;
				GCC_WARN_UNUSED_FUNCTION = YES;
				GCC_WARN_UNUSED_VARIABLE = YES;
				IPHONEOS_DEPLOYMENT_TARGET = 16.4;
				MTL_ENABLE_DEBUG_INFO = INCLUDE_SOURCE;
				MTL_FAST_MATH = YES;
				ONLY_ACTIVE_ARCH = YES;
				SDKROOT = iphoneos;
				SWIFT_ACTIVE_COMPILATION_CONDITIONS = DEBUG;
				SWIFT_OPTIMIZATION_LEVEL = "-Onone";
			};
			name = Debug;
		};
		1CAB23A92A33CD070007A1F7 /* Release */ = {
			isa = XCBuildConfiguration;
			buildSettings = {
				ALWAYS_SEARCH_USER_PATHS = NO;
				CLANG_ANALYZER_NONNULL = YES;
				CLANG_ANALYZER_NUMBER_OBJECT_CONVERSION = YES_AGGRESSIVE;
				CLANG_CXX_LANGUAGE_STANDARD = "gnu++20";
				CLANG_ENABLE_MODULES = YES;
				CLANG_ENABLE_OBJC_ARC = YES;
				CLANG_ENABLE_OBJC_WEAK = YES;
				CLANG_WARN_BLOCK_CAPTURE_AUTORELEASING = YES;
				CLANG_WARN_BOOL_CONVERSION = YES;
				CLANG_WARN_COMMA = YES;
				CLANG_WARN_CONSTANT_CONVERSION = YES;
				CLANG_WARN_DEPRECATED_OBJC_IMPLEMENTATIONS = YES;
				CLANG_WARN_DIRECT_OBJC_ISA_USAGE = YES_ERROR;
				CLANG_WARN_DOCUMENTATION_COMMENTS = YES;
				CLANG_WARN_EMPTY_BODY = YES;
				CLANG_WARN_ENUM_CONVERSION = YES;
				CLANG_WARN_INFINITE_RECURSION = YES;
				CLANG_WARN_INT_CONVERSION = YES;
				CLANG_WARN_NON_LITERAL_NULL_CONVERSION = YES;
				CLANG_WARN_OBJC_IMPLICIT_RETAIN_SELF = YES;
				CLANG_WARN_OBJC_LITERAL_CONVERSION = YES;
				CLANG_WARN_OBJC_ROOT_CLASS = YES_ERROR;
				CLANG_WARN_QUOTED_INCLUDE_IN_FRAMEWORK_HEADER = YES;
				CLANG_WARN_RANGE_LOOP_ANALYSIS = YES;
				CLANG_WARN_STRICT_PROTOTYPES = YES;
				CLANG_WARN_SUSPICIOUS_MOVE = YES;
				CLANG_WARN_UNGUARDED_AVAILABILITY = YES_AGGRESSIVE;
				CLANG_WARN_UNREACHABLE_CODE = YES;
				CLANG_WARN__DUPLICATE_METHOD_MATCH = YES;
				COPY_PHASE_STRIP = NO;
				DEBUG_INFORMATION_FORMAT = "dwarf-with-dsym";
				ENABLE_NS_ASSERTIONS = NO;
				ENABLE_STRICT_OBJC_MSGSEND = YES;
				GCC_C_LANGUAGE_STANDARD = gnu11;
				GCC_NO_COMMON_BLOCKS = YES;
				GCC_WARN_64_TO_32_BIT_CONVERSION = YES;
				GCC_WARN_ABOUT_RETURN_TYPE = YES_ERROR;
				GCC_WARN_UNDECLARED_SELECTOR = YES;
				GCC_WARN_UNINITIALIZED_AUTOS = YES_AGGRESSIVE;
				GCC_WARN_UNUSED_FUNCTION = YES;
				GCC_WARN_UNUSED_VARIABLE = YES;
				IPHONEOS_DEPLOYMENT_TARGET = 16.4;
				MTL_ENABLE_DEBUG_INFO = NO;
				MTL_FAST_MATH = YES;
				SDKROOT = iphoneos;
				SWIFT_COMPILATION_MODE = wholemodule;
				SWIFT_OPTIMIZATION_LEVEL = "-O";
				VALIDATE_PRODUCT = YES;
			};
			name = Release;
		};
		1CAB23AB2A33CD070007A1F7 /* Debug */ = {
			isa = XCBuildConfiguration;
			buildSettings = {
				ASSETCATALOG_COMPILER_APPICON_NAME = AppIcon;
				ASSETCATALOG_COMPILER_GLOBAL_ACCENT_COLOR_NAME = AccentColor;
				CODE_SIGN_STYLE = Automatic;
				CURRENT_PROJECT_VERSION = 1;
				DEVELOPMENT_ASSET_PATHS = "\"XcodeXplore/Preview Content\"";
				ENABLE_PREVIEWS = YES;
				GENERATE_INFOPLIST_FILE = YES;
				INFOPLIST_KEY_UIApplicationSceneManifest_Generation = YES;
				INFOPLIST_KEY_UIApplicationSupportsIndirectInputEvents = YES;
				INFOPLIST_KEY_UILaunchScreen_Generation = YES;
				INFOPLIST_KEY_UISupportedInterfaceOrientations_iPad = "UIInterfaceOrientationPortrait UIInterfaceOrientationPortraitUpsideDown UIInterfaceOrientationLandscapeLeft UIInterfaceOrientationLandscapeRight";
				INFOPLIST_KEY_UISupportedInterfaceOrientations_iPhone = "UIInterfaceOrientationPortrait UIInterfaceOrientationLandscapeLeft UIInterfaceOrientationLandscapeRight";
				LD_RUNPATH_SEARCH_PATHS = (
					"$(inherited)",
					"@executable_path/Frameworks",
				);
				MARKETING_VERSION = 1.0;
				PRODUCT_BUNDLE_IDENTIFIER = "-.XcodeXplore";
				PRODUCT_NAME = "$(TARGET_NAME)";
				SWIFT_EMIT_LOC_STRINGS = YES;
				SWIFT_VERSION = 5.0;
				TARGETED_DEVICE_FAMILY = "1,2";
			};
			name = Debug;
		};
		1CAB23AC2A33CD070007A1F7 /* Release */ = {
			isa = XCBuildConfiguration;
			buildSettings = {
				ASSETCATALOG_COMPILER_APPICON_NAME = AppIcon;
				ASSETCATALOG_COMPILER_GLOBAL_ACCENT_COLOR_NAME = AccentColor;
				CODE_SIGN_STYLE = Automatic;
				CURRENT_PROJECT_VERSION = 1;
				DEVELOPMENT_ASSET_PATHS = "\"XcodeXplore/Preview Content\"";
				ENABLE_PREVIEWS = YES;
				GENERATE_INFOPLIST_FILE = YES;
				INFOPLIST_KEY_UIApplicationSceneManifest_Generation = YES;
				INFOPLIST_KEY_UIApplicationSupportsIndirectInputEvents = YES;
				INFOPLIST_KEY_UILaunchScreen_Generation = YES;
				INFOPLIST_KEY_UISupportedInterfaceOrientations_iPad = "UIInterfaceOrientationPortrait UIInterfaceOrientationPortraitUpsideDown UIInterfaceOrientationLandscapeLeft UIInterfaceOrientationLandscapeRight";
				INFOPLIST_KEY_UISupportedInterfaceOrientations_iPhone = "UIInterfaceOrientationPortrait UIInterfaceOrientationLandscapeLeft UIInterfaceOrientationLandscapeRight";
				LD_RUNPATH_SEARCH_PATHS = (
					"$(inherited)",
					"@executable_path/Frameworks",
				);
				MARKETING_VERSION = 1.0;
				PRODUCT_BUNDLE_IDENTIFIER = "-.XcodeXplore";
				PRODUCT_NAME = "$(TARGET_NAME)";
				SWIFT_EMIT_LOC_STRINGS = YES;
				SWIFT_VERSION = 5.0;
				TARGETED_DEVICE_FAMILY = "1,2";
			};
			name = Release;
		};
		1CAB23AE2A33CD070007A1F7 /* Debug */ = {
			isa = XCBuildConfiguration;
			buildSettings = {
				ALWAYS_EMBED_SWIFT_STANDARD_LIBRARIES = YES;
				BUNDLE_LOADER = "$(TEST_HOST)";
				CODE_SIGN_STYLE = Automatic;
				CURRENT_PROJECT_VERSION = 1;
				GENERATE_INFOPLIST_FILE = YES;
				IPHONEOS_DEPLOYMENT_TARGET = 16.4;
				MARKETING_VERSION = 1.0;
				PRODUCT_BUNDLE_IDENTIFIER = "-.XcodeXploreTests";
				PRODUCT_NAME = "$(TARGET_NAME)";
				SWIFT_EMIT_LOC_STRINGS = NO;
				SWIFT_VERSION = 5.0;
				TARGETED_DEVICE_FAMILY = "1,2";
				TEST_HOST = "$(BUILT_PRODUCTS_DIR)/XcodeXplore.app/$(BUNDLE_EXECUTABLE_FOLDER_PATH)/XcodeXplore";
			};
			name = Debug;
		};
		1CAB23AF2A33CD070007A1F7 /* Release */ = {
			isa = XCBuildConfiguration;
			buildSettings = {
				ALWAYS_EMBED_SWIFT_STANDARD_LIBRARIES = YES;
				BUNDLE_LOADER = "$(TEST_HOST)";
				CODE_SIGN_STYLE = Automatic;
				CURRENT_PROJECT_VERSION = 1;
				GENERATE_INFOPLIST_FILE = YES;
				IPHONEOS_DEPLOYMENT_TARGET = 16.4;
				MARKETING_VERSION = 1.0;
				PRODUCT_BUNDLE_IDENTIFIER = "-.XcodeXploreTests";
				PRODUCT_NAME = "$(TARGET_NAME)";
				SWIFT_EMIT_LOC_STRINGS = NO;
				SWIFT_VERSION = 5.0;
				TARGETED_DEVICE_FAMILY = "1,2";
				TEST_HOST = "$(BUILT_PRODUCTS_DIR)/XcodeXplore.app/$(BUNDLE_EXECUTABLE_FOLDER_PATH)/XcodeXplore";
			};
			name = Release;
		};
		1CAB23B12A33CD070007A1F7 /* Debug */ = {
			isa = XCBuildConfiguration;
			buildSettings = {
				ALWAYS_EMBED_SWIFT_STANDARD_LIBRARIES = YES;
				CODE_SIGN_STYLE = Automatic;
				CURRENT_PROJECT_VERSION = 1;
				GENERATE_INFOPLIST_FILE = YES;
				MARKETING_VERSION = 1.0;
				PRODUCT_BUNDLE_IDENTIFIER = "-.XcodeXploreUITests";
				PRODUCT_NAME = "$(TARGET_NAME)";
				SWIFT_EMIT_LOC_STRINGS = NO;
				SWIFT_VERSION = 5.0;
				TARGETED_DEVICE_FAMILY = "1,2";
				TEST_TARGET_NAME = XcodeXplore;
			};
			name = Debug;
		};
		1CAB23B22A33CD070007A1F7 /* Release */ = {
			isa = XCBuildConfiguration;
			buildSettings = {
				ALWAYS_EMBED_SWIFT_STANDARD_LIBRARIES = YES;
				CODE_SIGN_STYLE = Automatic;
				CURRENT_PROJECT_VERSION = 1;
				GENERATE_INFOPLIST_FILE = YES;
				MARKETING_VERSION = 1.0;
				PRODUCT_BUNDLE_IDENTIFIER = "-.XcodeXploreUITests";
				PRODUCT_NAME = "$(TARGET_NAME)";
				SWIFT_EMIT_LOC_STRINGS = NO;
				SWIFT_VERSION = 5.0;
				TARGETED_DEVICE_FAMILY = "1,2";
				TEST_TARGET_NAME = XcodeXplore;
			};
			name = Release;
		};
/* End XCBuildConfiguration section */

/* Begin XCConfigurationList section */
		1CAB23812A33CD050007A1F7 /* Build configuration list for PBXProject "XcodeXplore" */ = {
			isa = XCConfigurationList;
			buildConfigurations = (
				1CAB23A82A33CD070007A1F7 /* Debug */,
				1CAB23A92A33CD070007A1F7 /* Release */,
			);
			defaultConfigurationIsVisible = 0;
			defaultConfigurationName = Release;
		};
		1CAB23AA2A33CD070007A1F7 /* Build configuration list for PBXNativeTarget "XcodeXplore" */ = {
			isa = XCConfigurationList;
			buildConfigurations = (
				1CAB23AB2A33CD070007A1F7 /* Debug */,
				1CAB23AC2A33CD070007A1F7 /* Release */,
			);
			defaultConfigurationIsVisible = 0;
			defaultConfigurationName = Release;
		};
		1CAB23AD2A33CD070007A1F7 /* Build configuration list for PBXNativeTarget "XcodeXploreTests" */ = {
			isa = XCConfigurationList;
			buildConfigurations = (
				1CAB23AE2A33CD070007A1F7 /* Debug */,
				1CAB23AF2A33CD070007A1F7 /* Release */,
			);
			defaultConfigurationIsVisible = 0;
			defaultConfigurationName = Release;
		};
		1CAB23B02A33CD070007A1F7 /* Build configuration list for PBXNativeTarget "XcodeXploreUITests" */ = {
			isa = XCConfigurationList;
			buildConfigurations = (
				1CAB23B12A33CD070007A1F7 /* Debug */,
				1CAB23B22A33CD070007A1F7 /* Release */,
			);
			defaultConfigurationIsVisible = 0;
			defaultConfigurationName = Release;
		};
/* End XCConfigurationList section */
	};
	rootObject = 1CAB237E2A33CD050007A1F7 /* Project object */;
}
